
Microsoft Visual Studio Solution File, Format Version 12.00
# Visual Studio Version 17
VisualStudioVersion = 17.1.32210.238
MinimumVisualStudioVersion = 10.0.40219.1
Project("{FAE04EC0-301F-11D3-BF4B-00C04F79EFBC}") = "Сalculator", "Сalculator\Сalculator.csproj", "{96D6CD58-4A0E-45BD-AC94-DC1D29DAB278}"
EndProject
Global
	GlobalSection(SolutionConfigurationPlatforms) = preSolution
		Debug|Any CPU = Debug|Any CPU
		Release|Any CPU = Release|Any CPU
	EndGlobalSection
	GlobalSection(ProjectConfigurationPlatforms) = postSolution
		{96D6CD58-4A0E-45BD-AC94-DC1D29DAB278}.Debug|Any CPU.ActiveCfg = Debug|Any CPU
		{96D6CD58-4A0E-45BD-AC94-DC1D29DAB278}.Debug|Any CPU.Build.0 = Debug|Any CPU
		{96D6CD58-4A0E-45BD-AC94-DC1D29DAB278}.Release|Any CPU.ActiveCfg = Release|Any CPU
		{96D6CD58-4A0E-45BD-AC94-DC1D29DAB278}.Release|Any CPU.Build.0 = Release|Any CPU
	EndGlobalSection
	GlobalSection(SolutionProperties) = preSolution
		HideSolutionNode = FALSE
	EndGlobalSection
	GlobalSection(ExtensibilityGlobals) = postSolution
		SolutionGuid = {992C1409-25E3-404B-B535-629FBA1313F0}
	EndGlobalSection
EndGlobal
